
Microsoft Visual Studio Solution File, Format Version 12.00
# Visual Studio 15
VisualStudioVersion = 15.0.27004.2005
MinimumVisualStudioVersion = 10.0.40219.1
Project("{FAE04EC0-301F-11D3-BF4B-00C04F79EFBC}") = "myMenu", "myMenu\myMenu.csproj", "{7CA4E5C8-7D6B-46EA-8AE3-7CA77203A326}"
EndProject
Global
	GlobalSection(SolutionConfigurationPlatforms) = preSolution
		Debug|Any CPU = Debug|Any CPU
		Release|Any CPU = Release|Any CPU
	EndGlobalSection
	GlobalSection(ProjectConfigurationPlatforms) = postSolution
		{7CA4E5C8-7D6B-46EA-8AE3-7CA77203A326}.Debug|Any CPU.ActiveCfg = Debug|Any CPU
		{7CA4E5C8-7D6B-46EA-8AE3-7CA77203A326}.Debug|Any CPU.Build.0 = Debug|Any CPU
		{7CA4E5C8-7D6B-46EA-8AE3-7CA77203A326}.Release|Any CPU.ActiveCfg = Release|Any CPU
		{7CA4E5C8-7D6B-46EA-8AE3-7CA77203A326}.Release|Any CPU.Build.0 = Release|Any CPU
	EndGlobalSection
	GlobalSection(SolutionProperties) = preSolution
		HideSolutionNode = FALSE
	EndGlobalSection
	GlobalSection(ExtensibilityGlobals) = postSolution
		SolutionGuid = {E852A375-C283-4ACC-A2DD-B5C791076800}
	EndGlobalSection
EndGlobal
